
Microsoft Visual Studio Solution File, Format Version 12.00
# Visual Studio Version 17
VisualStudioVersion = 17.5.2.0
MinimumVisualStudioVersion = 10.0.40219.1
Project("{2150E333-8FDC-42A3-9474-1A3956D46DE8}") = "00.initial-version", "00.initial-version", "{82C1E1CD-FA82-0DEA-6D4D-A2C05C16BD30}"
EndProject
Project("{2150E333-8FDC-42A3-9474-1A3956D46DE8}") = "src", "src", "{69760CB4-3CB6-96DB-9FBC-586BBC62E81D}"
EndProject
Project("{FAE04EC0-301F-11D3-BF4B-00C04F79EFBC}") = "OrderService.Api", "00.initial-version\src\OrderService.Api\OrderService.Api.csproj", "{D3D737A9-049E-BDEF-CCEC-3606C856CF80}"
EndProject
Project("{2150E333-8FDC-42A3-9474-1A3956D46DE8}") = "01.prepare-for-refactoring", "01.prepare-for-refactoring", "{174195A8-7024-2053-EA33-D99F4FD157B9}"
EndProject
Project("{2150E333-8FDC-42A3-9474-1A3956D46DE8}") = "src", "src", "{861A52B4-5DDE-5B41-700A-ADF01D0741EF}"
EndProject
Project("{2150E333-8FDC-42A3-9474-1A3956D46DE8}") = "test", "test", "{B80CF75D-D3D1-399E-ACD0-BD8A79B3BE82}"
EndProject
Project("{FAE04EC0-301F-11D3-BF4B-00C04F79EFBC}") = "01.OrderService.Api", "01.prepare-for-refactoring\src\01.OrderService.Api\01.OrderService.Api.csproj", "{67421535-8FEA-453A-A507-5BC028544FE5}"
EndProject
Project("{FAE04EC0-301F-11D3-BF4B-00C04F79EFBC}") = "01.OrderService.Api.Integration.Tests", "01.prepare-for-refactoring\test\01.OrderService.Api.Integration.Tests\01.OrderService.Api.Integration.Tests.csproj", "{0113CB36-0781-4747-84ED-BEC3CA4D20D7}"
EndProject
Global
	GlobalSection(SolutionConfigurationPlatforms) = preSolution
		Debug|Any CPU = Debug|Any CPU
		Debug|x64 = Debug|x64
		Debug|x86 = Debug|x86
		Release|Any CPU = Release|Any CPU
		Release|x64 = Release|x64
		Release|x86 = Release|x86
	EndGlobalSection
	GlobalSection(ProjectConfigurationPlatforms) = postSolution
		{D3D737A9-049E-BDEF-CCEC-3606C856CF80}.Debug|Any CPU.ActiveCfg = Debug|Any CPU
		{D3D737A9-049E-BDEF-CCEC-3606C856CF80}.Debug|Any CPU.Build.0 = Debug|Any CPU
		{D3D737A9-049E-BDEF-CCEC-3606C856CF80}.Debug|x64.ActiveCfg = Debug|Any CPU
		{D3D737A9-049E-BDEF-CCEC-3606C856CF80}.Debug|x64.Build.0 = Debug|Any CPU
		{D3D737A9-049E-BDEF-CCEC-3606C856CF80}.Debug|x86.ActiveCfg = Debug|Any CPU
		{D3D737A9-049E-BDEF-CCEC-3606C856CF80}.Debug|x86.Build.0 = Debug|Any CPU
		{D3D737A9-049E-BDEF-CCEC-3606C856CF80}.Release|Any CPU.ActiveCfg = Release|Any CPU
		{D3D737A9-049E-BDEF-CCEC-3606C856CF80}.Release|Any CPU.Build.0 = Release|Any CPU
		{D3D737A9-049E-BDEF-CCEC-3606C856CF80}.Release|x64.ActiveCfg = Release|Any CPU
		{D3D737A9-049E-BDEF-CCEC-3606C856CF80}.Release|x64.Build.0 = Release|Any CPU
		{D3D737A9-049E-BDEF-CCEC-3606C856CF80}.Release|x86.ActiveCfg = Release|Any CPU
		{D3D737A9-049E-BDEF-CCEC-3606C856CF80}.Release|x86.Build.0 = Release|Any CPU
		{67421535-8FEA-453A-A507-5BC028544FE5}.Debug|Any CPU.ActiveCfg = Debug|Any CPU
		{67421535-8FEA-453A-A507-5BC028544FE5}.Debug|Any CPU.Build.0 = Debug|Any CPU
		{67421535-8FEA-453A-A507-5BC028544FE5}.Debug|x64.ActiveCfg = Debug|Any CPU
		{67421535-8FEA-453A-A507-5BC028544FE5}.Debug|x64.Build.0 = Debug|Any CPU
		{67421535-8FEA-453A-A507-5BC028544FE5}.Debug|x86.ActiveCfg = Debug|Any CPU
		{67421535-8FEA-453A-A507-5BC028544FE5}.Debug|x86.Build.0 = Debug|Any CPU
		{67421535-8FEA-453A-A507-5BC028544FE5}.Release|Any CPU.ActiveCfg = Release|Any CPU
		{67421535-8FEA-453A-A507-5BC028544FE5}.Release|Any CPU.Build.0 = Release|Any CPU
		{67421535-8FEA-453A-A507-5BC028544FE5}.Release|x64.ActiveCfg = Release|Any CPU
		{67421535-8FEA-453A-A507-5BC028544FE5}.Release|x64.Build.0 = Release|Any CPU
		{67421535-8FEA-453A-A507-5BC028544FE5}.Release|x86.ActiveCfg = Release|Any CPU
		{67421535-8FEA-453A-A507-5BC028544FE5}.Release|x86.Build.0 = Release|Any CPU
		{0113CB36-0781-4747-84ED-BEC3CA4D20D7}.Debug|Any CPU.ActiveCfg = Debug|Any CPU
		{0113CB36-0781-4747-84ED-BEC3CA4D20D7}.Debug|Any CPU.Build.0 = Debug|Any CPU
		{0113CB36-0781-4747-84ED-BEC3CA4D20D7}.Debug|x64.ActiveCfg = Debug|Any CPU
		{0113CB36-0781-4747-84ED-BEC3CA4D20D7}.Debug|x64.Build.0 = Debug|Any CPU
		{0113CB36-0781-4747-84ED-BEC3CA4D20D7}.Debug|x86.ActiveCfg = Debug|Any CPU
		{0113CB36-0781-4747-84ED-BEC3CA4D20D7}.Debug|x86.Build.0 = Debug|Any CPU
		{0113CB36-0781-4747-84ED-BEC3CA4D20D7}.Release|Any CPU.ActiveCfg = Release|Any CPU
		{0113CB36-0781-4747-84ED-BEC3CA4D20D7}.Release|Any CPU.Build.0 = Release|Any CPU
		{0113CB36-0781-4747-84ED-BEC3CA4D20D7}.Release|x64.ActiveCfg = Release|Any CPU
		{0113CB36-0781-4747-84ED-BEC3CA4D20D7}.Release|x64.Build.0 = Release|Any CPU
		{0113CB36-0781-4747-84ED-BEC3CA4D20D7}.Release|x86.ActiveCfg = Release|Any CPU
		{0113CB36-0781-4747-84ED-BEC3CA4D20D7}.Release|x86.Build.0 = Release|Any CPU
	EndGlobalSection
	GlobalSection(SolutionProperties) = preSolution
		HideSolutionNode = FALSE
	EndGlobalSection
	GlobalSection(NestedProjects) = preSolution
		{69760CB4-3CB6-96DB-9FBC-586BBC62E81D} = {82C1E1CD-FA82-0DEA-6D4D-A2C05C16BD30}
		{D3D737A9-049E-BDEF-CCEC-3606C856CF80} = {69760CB4-3CB6-96DB-9FBC-586BBC62E81D}
		{861A52B4-5DDE-5B41-700A-ADF01D0741EF} = {174195A8-7024-2053-EA33-D99F4FD157B9}
		{B80CF75D-D3D1-399E-ACD0-BD8A79B3BE82} = {174195A8-7024-2053-EA33-D99F4FD157B9}
		{67421535-8FEA-453A-A507-5BC028544FE5} = {861A52B4-5DDE-5B41-700A-ADF01D0741EF}
		{0113CB36-0781-4747-84ED-BEC3CA4D20D7} = {B80CF75D-D3D1-399E-ACD0-BD8A79B3BE82}
	EndGlobalSection
	GlobalSection(ExtensibilityGlobals) = postSolution
		SolutionGuid = {A05A5551-AB36-432B-AB21-537A96222237}
	EndGlobalSection
EndGlobal
